
Microsoft Visual Studio Solution File, Format Version 12.00
# Visual Studio Version 17
VisualStudioVersion = 17.9.34622.214
MinimumVisualStudioVersion = 10.0.40219.1
Project("{8BC9CEB8-8B4A-11D0-8D11-00A0C91BC942}") = "a_try_at_ray_tracing", "a_try_at_ray_tracing\a_try_at_ray_tracing.vcxproj", "{E4B6530A-A1BA-4ADB-9AAA-DAFEEFCDCAD5}"
EndProject
Global
	GlobalSection(SolutionConfigurationPlatforms) = preSolution
		Debug|x64 = Debug|x64
		Debug|x86 = Debug|x86
		Release|x64 = Release|x64
		Release|x86 = Release|x86
	EndGlobalSection
	GlobalSection(ProjectConfigurationPlatforms) = postSolution
		{E4B6530A-A1BA-4ADB-9AAA-DAFEEFCDCAD5}.Debug|x64.ActiveCfg = Debug|x64
		{E4B6530A-A1BA-4ADB-9AAA-DAFEEFCDCAD5}.Debug|x64.Build.0 = Debug|x64
		{E4B6530A-A1BA-4ADB-9AAA-DAFEEFCDCAD5}.Debug|x86.ActiveCfg = Debug|Win32
		{E4B6530A-A1BA-4ADB-9AAA-DAFEEFCDCAD5}.Debug|x86.Build.0 = Debug|Win32
		{E4B6530A-A1BA-4ADB-9AAA-DAFEEFCDCAD5}.Release|x64.ActiveCfg = Release|x64
		{E4B6530A-A1BA-4ADB-9AAA-DAFEEFCDCAD5}.Release|x64.Build.0 = Release|x64
		{E4B6530A-A1BA-4ADB-9AAA-DAFEEFCDCAD5}.Release|x86.ActiveCfg = Release|Win32
		{E4B6530A-A1BA-4ADB-9AAA-DAFEEFCDCAD5}.Release|x86.Build.0 = Release|Win32
	EndGlobalSection
	GlobalSection(SolutionProperties) = preSolution
		HideSolutionNode = FALSE
	EndGlobalSection
	GlobalSection(ExtensibilityGlobals) = postSolution
		SolutionGuid = {C6BDFE8B-E11A-4051-9E70-EA3246F7680E}
	EndGlobalSection
EndGlobal
